
Microsoft Visual Studio Solution File, Format Version 12.00
# Visual Studio Version 17
VisualStudioVersion = 17.5.33530.505
MinimumVisualStudioVersion = 10.0.40219.1
Project("{FAE04EC0-301F-11D3-BF4B-00C04F79EFBC}") = "WebApplication1", "WebApplication1.csproj", "{7A5DFBA0-6DEA-4106-A58E-6D0489BCF274}"
EndProject
Global
	GlobalSection(SolutionConfigurationPlatforms) = preSolution
		Debug|Any CPU = Debug|Any CPU
		Release|Any CPU = Release|Any CPU
	EndGlobalSection
	GlobalSection(ProjectConfigurationPlatforms) = postSolution
		{7A5DFBA0-6DEA-4106-A58E-6D0489BCF274}.Debug|Any CPU.ActiveCfg = Debug|Any CPU
		{7A5DFBA0-6DEA-4106-A58E-6D0489BCF274}.Debug|Any CPU.Build.0 = Debug|Any CPU
		{7A5DFBA0-6DEA-4106-A58E-6D0489BCF274}.Release|Any CPU.ActiveCfg = Release|Any CPU
		{7A5DFBA0-6DEA-4106-A58E-6D0489BCF274}.Release|Any CPU.Build.0 = Release|Any CPU
	EndGlobalSection
	GlobalSection(SolutionProperties) = preSolution
		HideSolutionNode = FALSE
	EndGlobalSection
	GlobalSection(ExtensibilityGlobals) = postSolution
		SolutionGuid = {1D22617D-5CBE-4210-82F9-9F1A557E6BE8}
	EndGlobalSection
EndGlobal
